// !$*UTF8*$!
{
	archiveVersion = 1;
	classes = {
	};
	objectVersion = 46;
	objects = {

/* Begin PBXBuildFile section */
		34C2975B19C4EA5600770755 /* AppDelegate.swift in Sources */ = {isa = PBXBuildFile; fileRef = 34C2975A19C4EA5600770755 /* AppDelegate.swift */; };
		34C2975D19C4EA5600770755 /* ViewController.swift in Sources */ = {isa = PBXBuildFile; fileRef = 34C2975C19C4EA5600770755 /* ViewController.swift */; };
		34C2976019C4EA5600770755 /* Main.storyboard in Resources */ = {isa = PBXBuildFile; fileRef = 34C2975E19C4EA5600770755 /* Main.storyboard */; };
		34C2976219C4EA5600770755 /* Images.xcassets in Resources */ = {isa = PBXBuildFile; fileRef = 34C2976119C4EA5600770755 /* Images.xcassets */; };
		34C2976E19C4EA5600770755 /* rottonTests.swift in Sources */ = {isa = PBXBuildFile; fileRef = 34C2976D19C4EA5600770755 /* rottonTests.swift */; };
/* End PBXBuildFile section */

/* Begin PBXContainerItemProxy section */
		34C2976819C4EA5600770755 /* PBXContainerItemProxy */ = {
			isa = PBXContainerItemProxy;
			containerPortal = 34C2974D19C4EA5600770755 /* Project object */;
			proxyType = 1;
			remoteGlobalIDString = 34C2975419C4EA5600770755;
			remoteInfo = rotton;
		};
/* End PBXContainerItemProxy section */

/* Begin PBXFileReference section */
		34C2975519C4EA5600770755 /* rotton.app */ = {isa = PBXFileReference; explicitFileType = wrapper.application; includeInIndex = 0; path = rotton.app; sourceTree = BUILT_PRODUCTS_DIR; };
		34C2975919C4EA5600770755 /* Info.plist */ = {isa = PBXFileReference; lastKnownFileType = text.plist.xml; path = Info.plist; sourceTree = "<group>"; };
		34C2975A19C4EA5600770755 /* AppDelegate.swift */ = {isa = PBXFileReference; lastKnownFileType = sourcecode.swift; path = AppDelegate.swift; sourceTree = "<group>"; };
		34C2975C19C4EA5600770755 /* ViewController.swift */ = {isa = PBXFileReference; lastKnownFileType = sourcecode.swift; path = ViewController.swift; sourceTree = "<group>"; };
		34C2975F19C4EA5600770755 /* Base */ = {isa = PBXFileReference; lastKnownFileType = file.storyboard; name = Base; path = Base.lproj/Main.storyboard; sourceTree = "<group>"; };
		34C2976119C4EA5600770755 /* Images.xcassets */ = {isa = PBXFileReference; lastKnownFileType = folder.assetcatalog; path = Images.xcassets; sourceTree = "<group>"; };
		34C2976719C4EA5600770755 /* rottonTests.xctest */ = {isa = PBXFileReference; explicitFileType = wrapper.cfbundle; includeInIndex = 0; path = rottonTests.xctest; sourceTree = BUILT_PRODUCTS_DIR; };
		34C2976C19C4EA5600770755 /* Info.plist */ = {isa = PBXFileReference; lastKnownFileType = text.plist.xml; path = Info.plist; sourceTree = "<group>"; };
		34C2976D19C4EA5600770755 /* rottonTests.swift */ = {isa = PBXFileReference; lastKnownFileType = sourcecode.swift; path = rottonTests.swift; sourceTree = "<group>"; };
/* End PBXFileReference section */

/* Begin PBXFrameworksBuildPhase section */
		34C2975219C4EA5600770755 /* Frameworks */ = {
			isa = PBXFrameworksBuildPhase;
			buildActionMask = 2147483647;
			files = (
			);
			runOnlyForDeploymentPostprocessing = 0;
		};
		34C2976419C4EA5600770755 /* Frameworks */ = {
			isa = PBXFrameworksBuildPhase;
			buildActionMask = 2147483647;
			files = (
			);
			runOnlyForDeploymentPostprocessing = 0;
		};
/* End PBXFrameworksBuildPhase section */

/* Begin PBXGroup section */
		34C2974C19C4EA5600770755 = {
			isa = PBXGroup;
			children = (
				34C2975719C4EA5600770755 /* rotton */,
				34C2976A19C4EA5600770755 /* rottonTests */,
				34C2975619C4EA5600770755 /* Products */,
			);
			sourceTree = "<group>";
		};
		34C2975619C4EA5600770755 /* Products */ = {
			isa = PBXGroup;
			children = (
				34C2975519C4EA5600770755 /* rotton.app */,
				34C2976719C4EA5600770755 /* rottonTests.xctest */,
			);
			name = Products;
			sourceTree = "<group>";
		};
		34C2975719C4EA5600770755 /* rotton */ = {
			isa = PBXGroup;
			children = (
				34C2975A19C4EA5600770755 /* AppDelegate.swift */,
				34C2975C19C4EA5600770755 /* ViewController.swift */,
				34C2975E19C4EA5600770755 /* Main.storyboard */,
				34C2976119C4EA5600770755 /* Images.xcassets */,
				34C2975819C4EA5600770755 /* Supporting Files */,
			);
			path = rotton;
			sourceTree = "<group>";
		};
		34C2975819C4EA5600770755 /* Supporting Files */ = {
			isa = PBXGroup;
			children = (
				34C2975919C4EA5600770755 /* Info.plist */,
			);
			name = "Supporting Files";
			sourceTree = "<group>";
		};
		34C2976A19C4EA5600770755 /* rottonTests */ = {
			isa = PBXGroup;
			children = (
				34C2976D19C4EA5600770755 /* rottonTests.swift */,
				34C2976B19C4EA5600770755 /* Supporting Files */,
			);
			path = rottonTests;
			sourceTree = "<group>";
		};
		34C2976B19C4EA5600770755 /* Supporting Files */ = {
			isa = PBXGroup;
			children = (
				34C2976C19C4EA5600770755 /* Info.plist */,
			);
			name = "Supporting Files";
			sourceTree = "<group>";
		};
/* End PBXGroup section */

/* Begin PBXNativeTarget section */
		34C2975419C4EA5600770755 /* rotton */ = {
			isa = PBXNativeTarget;
			buildConfigurationList = 34C2977119C4EA5600770755 /* Build configuration list for PBXNativeTarget "rotton" */;
			buildPhases = (
				34C2975119C4EA5600770755 /* Sources */,
				34C2975219C4EA5600770755 /* Frameworks */,
				34C2975319C4EA5600770755 /* Resources */,
			);
			buildRules = (
			);
			dependencies = (
			);
			name = rotton;
			productName = rotton;
			productReference = 34C2975519C4EA5600770755 /* rotton.app */;
			productType = "com.apple.product-type.application";
		};
		34C2976619C4EA5600770755 /* rottonTests */ = {
			isa = PBXNativeTarget;
			buildConfigurationList = 34C2977419C4EA5600770755 /* Build configuration list for PBXNativeTarget "rottonTests" */;
			buildPhases = (
				34C2976319C4EA5600770755 /* Sources */,
				34C2976419C4EA5600770755 /* Frameworks */,
				34C2976519C4EA5600770755 /* Resources */,
			);
			buildRules = (
			);
			dependencies = (
				34C2976919C4EA5600770755 /* PBXTargetDependency */,
			);
			name = rottonTests;
			productName = rottonTests;
			productReference = 34C2976719C4EA5600770755 /* rottonTests.xctest */;
			productType = "com.apple.product-type.bundle.unit-test";
		};
/* End PBXNativeTarget section */

/* Begin PBXProject section */
		34C2974D19C4EA5600770755 /* Project object */ = {
			isa = PBXProject;
			attributes = {
				LastUpgradeCheck = 0600;
				ORGANIZATIONNAME = "Kun Rong";
				TargetAttributes = {
					34C2975419C4EA5600770755 = {
						CreatedOnToolsVersion = 6.0;
					};
					34C2976619C4EA5600770755 = {
						CreatedOnToolsVersion = 6.0;
						TestTargetID = 34C2975419C4EA5600770755;
					};
				};
			};
			buildConfigurationList = 34C2975019C4EA5600770755 /* Build configuration list for PBXProject "rotton" */;
			compatibilityVersion = "Xcode 3.2";
			developmentRegion = English;
			hasScannedForEncodings = 0;
			knownRegions = (
				en,
				Base,
			);
			mainGroup = 34C2974C19C4EA5600770755;
			productRefGroup = 34C2975619C4EA5600770755 /* Products */;
			projectDirPath = "";
			projectRoot = "";
			targets = (
				34C2975419C4EA5600770755 /* rotton */,
				34C2976619C4EA5600770755 /* rottonTests */,
			);
		};
/* End PBXProject section */

/* Begin PBXResourcesBuildPhase section */
		34C2975319C4EA5600770755 /* Resources */ = {
			isa = PBXResourcesBuildPhase;
			buildActionMask = 2147483647;
			files = (
				34C2976019C4EA5600770755 /* Main.storyboard in Resources */,
				34C2976219C4EA5600770755 /* Images.xcassets in Resources */,
			);
			runOnlyForDeploymentPostprocessing = 0;
		};
		34C2976519C4EA5600770755 /* Resources */ = {
			isa = PBXResourcesBuildPhase;
			buildActionMask = 2147483647;
			files = (
			);
			runOnlyForDeploymentPostprocessing = 0;
		};
/* End PBXResourcesBuildPhase section */

/* Begin PBXSourcesBuildPhase section */
		34C2975119C4EA5600770755 /* Sources */ = {
			isa = PBXSourcesBuildPhase;
			buildActionMask = 2147483647;
			files = (
				34C2975D19C4EA5600770755 /* ViewController.swift in Sources */,
				34C2975B19C4EA5600770755 /* AppDelegate.swift in Sources */,
			);
			runOnlyForDeploymentPostprocessing = 0;
		};
		34C2976319C4EA5600770755 /* Sources */ = {
			isa = PBXSourcesBuildPhase;
			buildActionMask = 2147483647;
			files = (
				34C2976E19C4EA5600770755 /* rottonTests.swift in Sources */,
			);
			runOnlyForDeploymentPostprocessing = 0;
		};
/* End PBXSourcesBuildPhase section */

/* Begin PBXTargetDependency section */
		34C2976919C4EA5600770755 /* PBXTargetDependency */ = {
			isa = PBXTargetDependency;
			target = 34C2975419C4EA5600770755 /* rotton */;
			targetProxy = 34C2976819C4EA5600770755 /* PBXContainerItemProxy */;
		};
/* End PBXTargetDependency section */

/* Begin PBXVariantGroup section */
		34C2975E19C4EA5600770755 /* Main.storyboard */ = {
			isa = PBXVariantGroup;
			children = (
				34C2975F19C4EA5600770755 /* Base */,
			);
			name = Main.storyboard;
			sourceTree = "<group>";
		};
/* End PBXVariantGroup section */

/* Begin XCBuildConfiguration section */
		34C2976F19C4EA5600770755 /* Debug */ = {
			isa = XCBuildConfiguration;
			buildSettings = {
				ALWAYS_SEARCH_USER_PATHS = NO;
				CLANG_CXX_LANGUAGE_STANDARD = "gnu++0x";
				CLANG_CXX_LIBRARY = "libc++";
				CLANG_ENABLE_MODULES = YES;
				CLANG_ENABLE_OBJC_ARC = YES;
				CLANG_WARN_BOOL_CONVERSION = YES;
				CLANG_WARN_CONSTANT_CONVERSION = YES;
				CLANG_WARN_DIRECT_OBJC_ISA_USAGE = YES_ERROR;
				CLANG_WARN_EMPTY_BODY = YES;
				CLANG_WARN_ENUM_CONVERSION = YES;
				CLANG_WARN_INT_CONVERSION = YES;
				CLANG_WARN_OBJC_ROOT_CLASS = YES_ERROR;
				CLANG_WARN_UNREACHABLE_CODE = YES;
				CLANG_WARN__DUPLICATE_METHOD_MATCH = YES;
				"CODE_SIGN_IDENTITY[sdk=iphoneos*]" = "iPhone Developer";
				COPY_PHASE_STRIP = NO;
				ENABLE_STRICT_OBJC_MSGSEND = YES;
				GCC_C_LANGUAGE_STANDARD = gnu99;
				GCC_DYNAMIC_NO_PIC = NO;
				GCC_OPTIMIZATION_LEVEL = 0;
				GCC_PREPROCESSOR_DEFINITIONS = (
					"DEBUG=1",
					"$(inherited)",
				);
				GCC_SYMBOLS_PRIVATE_EXTERN = NO;
				GCC_WARN_64_TO_32_BIT_CONVERSION = YES;
				GCC_WARN_ABOUT_RETURN_TYPE = YES_ERROR;
				GCC_WARN_UNDECLARED_SELECTOR = YES;
				GCC_WARN_UNINITIALIZED_AUTOS = YES_AGGRESSIVE;
				GCC_WARN_UNUSED_FUNCTION = YES;
				GCC_WARN_UNUSED_VARIABLE = YES;
				IPHONEOS_DEPLOYMENT_TARGET = 8.0;
				MTL_ENABLE_DEBUG_INFO = YES;
				ONLY_ACTIVE_ARCH = YES;
				SDKROOT = iphoneos;
				SWIFT_OPTIMIZATION_LEVEL = "-Onone";
			};
			name = Debug;
		};
		34C2977019C4EA5600770755 /* Release */ = {
			isa = XCBuildConfiguration;
			buildSettings = {
				ALWAYS_SEARCH_USER_PATHS = NO;
				CLANG_CXX_LANGUAGE_STANDARD = "gnu++0x";
				CLANG_CXX_LIBRARY = "libc++";
				CLANG_ENABLE_MODULES = YES;
				CLANG_ENABLE_OBJC_ARC = YES;
				CLANG_WARN_BOOL_CONVERSION = YES;
				CLANG_WARN_CONSTANT_CONVERSION = YES;
				CLANG_WARN_DIRECT_OBJC_ISA_USAGE = YES_ERROR;
				CLANG_WARN_EMPTY_BODY = YES;
				CLANG_WARN_ENUM_CONVERSION = YES;
				CLANG_WARN_INT_CONVERSION = YES;
				CLANG_WARN_OBJC_ROOT_CLASS = YES_ERROR;
				CLANG_WARN_UNREACHABLE_CODE = YES;
				CLANG_WARN__DUPLICATE_METHOD_MATCH = YES;
				"CODE_SIGN_IDENTITY[sdk=iphoneos*]" = "iPhone Developer";
				COPY_PHASE_STRIP = YES;
				ENABLE_NS_ASSERTIONS = NO;
				ENABLE_STRICT_OBJC_MSGSEND = YES;
				GCC_C_LANGUAGE_STANDARD = gnu99;
				GCC_WARN_64_TO_32_BIT_CONVERSION = YES;
				GCC_WARN_ABOUT_RETURN_TYPE = YES_ERROR;
				GCC_WARN_UNDECLARED_SELECTOR = YES;
				GCC_WARN_UNINITIALIZED_AUTOS = YES_AGGRESSIVE;
				GCC_WARN_UNUSED_FUNCTION = YES;
				GCC_WARN_UNUSED_VARIABLE = YES;
				IPHONEOS_DEPLOYMENT_TARGET = 8.0;
				MTL_ENABLE_DEBUG_INFO = NO;
				SDKROOT = iphoneos;
				VALIDATE_PRODUCT = YES;
			};
			name = Release;
		};
		34C2977219C4EA5600770755 /* Debug */ = {
			isa = XCBuildConfiguration;
			buildSettings = {
				ASSETCATALOG_COMPILER_APPICON_NAME = AppIcon;
				ASSETCATALOG_COMPILER_LAUNCHIMAGE_NAME = LaunchImage;
				INFOPLIST_FILE = rotton/Info.plist;
				LD_RUNPATH_SEARCH_PATHS = "$(inherited) @executable_path/Frameworks";
				PRODUCT_NAME = "$(TARGET_NAME)";
			};
			name = Debug;
		};
		34C2977319C4EA5600770755 /* Release */ = {
			isa = XCBuildConfiguration;
			buildSettings = {
				ASSETCATALOG_COMPILER_APPICON_NAME = AppIcon;
				ASSETCATALOG_COMPILER_LAUNCHIMAGE_NAME = LaunchImage;
				INFOPLIST_FILE = rotton/Info.plist;
				LD_RUNPATH_SEARCH_PATHS = "$(inherited) @executable_path/Frameworks";
				PRODUCT_NAME = "$(TARGET_NAME)";
			};
			name = Release;
		};
		34C2977519C4EA5600770755 /* Debug */ = {
			isa = XCBuildConfiguration;
			buildSettings = {
				BUNDLE_LOADER = "$(TEST_HOST)";
				FRAMEWORK_SEARCH_PATHS = (
					"$(SDKROOT)/Developer/Library/Frameworks",
					"$(inherited)",
				);
				GCC_PREPROCESSOR_DEFINITIONS = (
					"DEBUG=1",
					"$(inherited)",
				);
				INFOPLIST_FILE = rottonTests/Info.plist;
				LD_RUNPATH_SEARCH_PATHS = "$(inherited) @executable_path/Frameworks @loader_path/Frameworks";
				PRODUCT_NAME = "$(TARGET_NAME)";
				TEST_HOST = "$(BUILT_PRODUCTS_DIR)/rotton.app/rotton";
			};
			name = Debug;
		};
		34C2977619C4EA5600770755 /* Release */ = {
			isa = XCBuildConfiguration;
			buildSettings = {
				BUNDLE_LOADER = "$(TEST_HOST)";
				FRAMEWORK_SEARCH_PATHS = (
					"$(SDKROOT)/Developer/Library/Frameworks",
					"$(inherited)",
				);
				INFOPLIST_FILE = rottonTests/Info.plist;
				LD_RUNPATH_SEARCH_PATHS = "$(inherited) @executable_path/Frameworks @loader_path/Frameworks";
				PRODUCT_NAME = "$(TARGET_NAME)";
				TEST_HOST = "$(BUILT_PRODUCTS_DIR)/rotton.app/rotton";
			};
			name = Release;
		};
/* End XCBuildConfiguration section */

/* Begin XCConfigurationList section */
		34C2975019C4EA5600770755 /* Build configuration list for PBXProject "rotton" */ = {
			isa = XCConfigurationList;
			buildConfigurations = (
				34C2976F19C4EA5600770755 /* Debug */,
				34C2977019C4EA5600770755 /* Release */,
			);
			defaultConfigurationIsVisible = 0;
			defaultConfigurationName = Release;
		};
		34C2977119C4EA5600770755 /* Build configuration list for PBXNativeTarget "rotton" */ = {
			isa = XCConfigurationList;
			buildConfigurations = (
				34C2977219C4EA5600770755 /* Debug */,
				34C2977319C4EA5600770755 /* Release */,
			);
			defaultConfigurationIsVisible = 0;
		};
		34C2977419C4EA5600770755 /* Build configuration list for PBXNativeTarget "rottonTests" */ = {
			isa = XCConfigurationList;
			buildConfigurations = (
				34C2977519C4EA5600770755 /* Debug */,
				34C2977619C4EA5600770755 /* Release */,
			);
			defaultConfigurationIsVisible = 0;
		};
/* End XCConfigurationList section */
	};
	rootObject = 34C2974D19C4EA5600770755 /* Project object */;
}
